
Microsoft Visual Studio Solution File, Format Version 12.00
# Visual Studio Version 17
VisualStudioVersion = 17.0.31903.59
MinimumVisualStudioVersion = 10.0.40219.1
Project("{2150E333-8FDC-42A3-9474-1A3956D46DE8}") = "src", "src", "{827E0CD3-B72D-47B6-A68D-7590B98EB39B}"
EndProject
Project("{FAE04EC0-301F-11D3-BF4B-00C04F79EFBC}") = "TaskManagement.Domain", "src\TaskManagement.Domain\TaskManagement.Domain.csproj", "{833C71C6-16F2-411A-A9D7-9D15EB206D32}"
EndProject
Project("{FAE04EC0-301F-11D3-BF4B-00C04F79EFBC}") = "TaskManagement.Application", "src\TaskManagement.Application\TaskManagement.Application.csproj", "{629B2B9C-0C10-410D-A06B-C1914AC3E288}"
EndProject
Project("{FAE04EC0-301F-11D3-BF4B-00C04F79EFBC}") = "TaskManagement.Infrastructure", "src\TaskManagement.Infrastructure\TaskManagement.Infrastructure.csproj", "{ED72AA4A-EB36-4D79-ABE8-94A8222F06A5}"
EndProject
Project("{FAE04EC0-301F-11D3-BF4B-00C04F79EFBC}") = "TaskManagement.API", "src\TaskManagement.API\TaskManagement.API.csproj", "{DCD8AD5D-E379-4570-8EB8-FF4534967F30}"
EndProject
Project("{2150E333-8FDC-42A3-9474-1A3956D46DE8}") = "tests", "tests", "{0AB3BF05-4346-4AA6-1389-037BE0695223}"
EndProject
Project("{FAE04EC0-301F-11D3-BF4B-00C04F79EFBC}") = "TaskManagement.UnitTests", "tests\TaskManagement.UnitTests\TaskManagement.UnitTests.csproj", "{469AD78D-9192-4D68-9105-5616BA95C1FC}"
EndProject
Global
	GlobalSection(SolutionConfigurationPlatforms) = preSolution
		Debug|Any CPU = Debug|Any CPU
		Debug|x64 = Debug|x64
		Debug|x86 = Debug|x86
		Release|Any CPU = Release|Any CPU
		Release|x64 = Release|x64
		Release|x86 = Release|x86
	EndGlobalSection
	GlobalSection(ProjectConfigurationPlatforms) = postSolution
		{833C71C6-16F2-411A-A9D7-9D15EB206D32}.Debug|Any CPU.ActiveCfg = Debug|Any CPU
		{833C71C6-16F2-411A-A9D7-9D15EB206D32}.Debug|Any CPU.Build.0 = Debug|Any CPU
		{833C71C6-16F2-411A-A9D7-9D15EB206D32}.Debug|x64.ActiveCfg = Debug|Any CPU
		{833C71C6-16F2-411A-A9D7-9D15EB206D32}.Debug|x64.Build.0 = Debug|Any CPU
		{833C71C6-16F2-411A-A9D7-9D15EB206D32}.Debug|x86.ActiveCfg = Debug|Any CPU
		{833C71C6-16F2-411A-A9D7-9D15EB206D32}.Debug|x86.Build.0 = Debug|Any CPU
		{833C71C6-16F2-411A-A9D7-9D15EB206D32}.Release|Any CPU.ActiveCfg = Release|Any CPU
		{833C71C6-16F2-411A-A9D7-9D15EB206D32}.Release|Any CPU.Build.0 = Release|Any CPU
		{833C71C6-16F2-411A-A9D7-9D15EB206D32}.Release|x64.ActiveCfg = Release|Any CPU
		{833C71C6-16F2-411A-A9D7-9D15EB206D32}.Release|x64.Build.0 = Release|Any CPU
		{833C71C6-16F2-411A-A9D7-9D15EB206D32}.Release|x86.ActiveCfg = Release|Any CPU
		{833C71C6-16F2-411A-A9D7-9D15EB206D32}.Release|x86.Build.0 = Release|Any CPU
		{629B2B9C-0C10-410D-A06B-C1914AC3E288}.Debug|Any CPU.ActiveCfg = Debug|Any CPU
		{629B2B9C-0C10-410D-A06B-C1914AC3E288}.Debug|Any CPU.Build.0 = Debug|Any CPU
		{629B2B9C-0C10-410D-A06B-C1914AC3E288}.Debug|x64.ActiveCfg = Debug|Any CPU
		{629B2B9C-0C10-410D-A06B-C1914AC3E288}.Debug|x64.Build.0 = Debug|Any CPU
		{629B2B9C-0C10-410D-A06B-C1914AC3E288}.Debug|x86.ActiveCfg = Debug|Any CPU
		{629B2B9C-0C10-410D-A06B-C1914AC3E288}.Debug|x86.Build.0 = Debug|Any CPU
		{629B2B9C-0C10-410D-A06B-C1914AC3E288}.Release|Any CPU.ActiveCfg = Release|Any CPU
		{629B2B9C-0C10-410D-A06B-C1914AC3E288}.Release|Any CPU.Build.0 = Release|Any CPU
		{629B2B9C-0C10-410D-A06B-C1914AC3E288}.Release|x64.ActiveCfg = Release|Any CPU
		{629B2B9C-0C10-410D-A06B-C1914AC3E288}.Release|x64.Build.0 = Release|Any CPU
		{629B2B9C-0C10-410D-A06B-C1914AC3E288}.Release|x86.ActiveCfg = Release|Any CPU
		{629B2B9C-0C10-410D-A06B-C1914AC3E288}.Release|x86.Build.0 = Release|Any CPU
		{ED72AA4A-EB36-4D79-ABE8-94A8222F06A5}.Debug|Any CPU.ActiveCfg = Debug|Any CPU
		{ED72AA4A-EB36-4D79-ABE8-94A8222F06A5}.Debug|Any CPU.Build.0 = Debug|Any CPU
		{ED72AA4A-EB36-4D79-ABE8-94A8222F06A5}.Debug|x64.ActiveCfg = Debug|Any CPU
		{ED72AA4A-EB36-4D79-ABE8-94A8222F06A5}.Debug|x64.Build.0 = Debug|Any CPU
		{ED72AA4A-EB36-4D79-ABE8-94A8222F06A5}.Debug|x86.ActiveCfg = Debug|Any CPU
		{ED72AA4A-EB36-4D79-ABE8-94A8222F06A5}.Debug|x86.Build.0 = Debug|Any CPU
		{ED72AA4A-EB36-4D79-ABE8-94A8222F06A5}.Release|Any CPU.ActiveCfg = Release|Any CPU
		{ED72AA4A-EB36-4D79-ABE8-94A8222F06A5}.Release|Any CPU.Build.0 = Release|Any CPU
		{ED72AA4A-EB36-4D79-ABE8-94A8222F06A5}.Release|x64.ActiveCfg = Release|Any CPU
		{ED72AA4A-EB36-4D79-ABE8-94A8222F06A5}.Release|x64.Build.0 = Release|Any CPU
		{ED72AA4A-EB36-4D79-ABE8-94A8222F06A5}.Release|x86.ActiveCfg = Release|Any CPU
		{ED72AA4A-EB36-4D79-ABE8-94A8222F06A5}.Release|x86.Build.0 = Release|Any CPU
		{DCD8AD5D-E379-4570-8EB8-FF4534967F30}.Debug|Any CPU.ActiveCfg = Debug|Any CPU
		{DCD8AD5D-E379-4570-8EB8-FF4534967F30}.Debug|Any CPU.Build.0 = Debug|Any CPU
		{DCD8AD5D-E379-4570-8EB8-FF4534967F30}.Debug|x64.ActiveCfg = Debug|Any CPU
		{DCD8AD5D-E379-4570-8EB8-FF4534967F30}.Debug|x64.Build.0 = Debug|Any CPU
		{DCD8AD5D-E379-4570-8EB8-FF4534967F30}.Debug|x86.ActiveCfg = Debug|Any CPU
		{DCD8AD5D-E379-4570-8EB8-FF4534967F30}.Debug|x86.Build.0 = Debug|Any CPU
		{DCD8AD5D-E379-4570-8EB8-FF4534967F30}.Release|Any CPU.ActiveCfg = Release|Any CPU
		{DCD8AD5D-E379-4570-8EB8-FF4534967F30}.Release|Any CPU.Build.0 = Release|Any CPU
		{DCD8AD5D-E379-4570-8EB8-FF4534967F30}.Release|x64.ActiveCfg = Release|Any CPU
		{DCD8AD5D-E379-4570-8EB8-FF4534967F30}.Release|x64.Build.0 = Release|Any CPU
		{DCD8AD5D-E379-4570-8EB8-FF4534967F30}.Release|x86.ActiveCfg = Release|Any CPU
		{DCD8AD5D-E379-4570-8EB8-FF4534967F30}.Release|x86.Build.0 = Release|Any CPU
		{469AD78D-9192-4D68-9105-5616BA95C1FC}.Debug|Any CPU.ActiveCfg = Debug|Any CPU
		{469AD78D-9192-4D68-9105-5616BA95C1FC}.Debug|Any CPU.Build.0 = Debug|Any CPU
		{469AD78D-9192-4D68-9105-5616BA95C1FC}.Debug|x64.ActiveCfg = Debug|Any CPU
		{469AD78D-9192-4D68-9105-5616BA95C1FC}.Debug|x64.Build.0 = Debug|Any CPU
		{469AD78D-9192-4D68-9105-5616BA95C1FC}.Debug|x86.ActiveCfg = Debug|Any CPU
		{469AD78D-9192-4D68-9105-5616BA95C1FC}.Debug|x86.Build.0 = Debug|Any CPU
		{469AD78D-9192-4D68-9105-5616BA95C1FC}.Release|Any CPU.ActiveCfg = Release|Any CPU
		{469AD78D-9192-4D68-9105-5616BA95C1FC}.Release|Any CPU.Build.0 = Release|Any CPU
		{469AD78D-9192-4D68-9105-5616BA95C1FC}.Release|x64.ActiveCfg = Release|Any CPU
		{469AD78D-9192-4D68-9105-5616BA95C1FC}.Release|x64.Build.0 = Release|Any CPU
		{469AD78D-9192-4D68-9105-5616BA95C1FC}.Release|x86.ActiveCfg = Release|Any CPU
		{469AD78D-9192-4D68-9105-5616BA95C1FC}.Release|x86.Build.0 = Release|Any CPU
	EndGlobalSection
	GlobalSection(SolutionProperties) = preSolution
		HideSolutionNode = FALSE
	EndGlobalSection
	GlobalSection(NestedProjects) = preSolution
		{833C71C6-16F2-411A-A9D7-9D15EB206D32} = {827E0CD3-B72D-47B6-A68D-7590B98EB39B}
		{629B2B9C-0C10-410D-A06B-C1914AC3E288} = {827E0CD3-B72D-47B6-A68D-7590B98EB39B}
		{ED72AA4A-EB36-4D79-ABE8-94A8222F06A5} = {827E0CD3-B72D-47B6-A68D-7590B98EB39B}
		{DCD8AD5D-E379-4570-8EB8-FF4534967F30} = {827E0CD3-B72D-47B6-A68D-7590B98EB39B}
		{469AD78D-9192-4D68-9105-5616BA95C1FC} = {0AB3BF05-4346-4AA6-1389-037BE0695223}
	EndGlobalSection
EndGlobal
